# This is a Gradle generated file for dependency locking.
# Manual edits can break the build and are not advised.
# This file is expected to be part of source control.
biz.aQute.bnd:biz.aQute.bnd.annotation:7.1.0=compileClasspath,testCompileClasspath
com.fasterxml.jackson.core:jackson-annotations:2.22=compileClasspath,runtimeClasspath,testCompileClasspath,testRuntimeClasspath
com.fasterxml.jackson.core:jackson-core:2.22.1=compileClasspath,runtimeClasspath,testCompileClasspath,testRuntimeClasspath
com.fasterxml.jackson.core:jackson-databind:2.22.1=compileClasspath,runtimeClasspath,testCompileClasspath,testRuntimeClasspath
com.fasterxml.jackson:jackson-bom:2.22.1=compileClasspath,runtimeClasspath,testCompileClasspath,testRuntimeClasspath
com.github.virtuald:curvesapi:1.08=compileClasspath,runtimeClasspath,testCompileClasspath,testRuntimeClasspath
com.google.errorprone:error_prone_annotations:2.38.0=compileClasspath,testCompileClasspath
com.google.re2j:re2j:1.8=compileClasspath,runtimeClasspath,testCompileClasspath,testRuntimeClasspath
com.twelvemonkeys.common:common-image:3.13.0=ofdWorkerCompileClasspath,ofdWorkerRuntimeClasspath
com.twelvemonkeys.common:common-io:3.13.0=ofdWorkerCompileClasspath,ofdWorkerRuntimeClasspath
com.twelvemonkeys.common:common-lang:3.13.0=ofdWorkerCompileClasspath,ofdWorkerRuntimeClasspath
com.twelvemonkeys.imageio:imageio-core:3.13.0=ofdWorkerCompileClasspath,ofdWorkerRuntimeClasspath
com.twelvemonkeys.imageio:imageio-metadata:3.13.0=ofdWorkerCompileClasspath,ofdWorkerRuntimeClasspath
com.twelvemonkeys.imageio:imageio-tiff:3.13.0=ofdWorkerCompileClasspath,ofdWorkerRuntimeClasspath
com.zaxxer:SparseBitSet:1.3=compileClasspath,runtimeClasspath,testCompileClasspath,testRuntimeClasspath
commons-codec:commons-codec:1.19.0=ofdWorkerCompileClasspath,ofdWorkerRuntimeClasspath
commons-codec:commons-codec:1.20.0=compileClasspath,runtimeClasspath,testCompileClasspath,testRuntimeClasspath
commons-io:commons-io:2.20.0=ofdWorkerCompileClasspath,ofdWorkerRuntimeClasspath
commons-io:commons-io:2.21.0=compileClasspath,runtimeClasspath,testCompileClasspath,testRuntimeClasspath
commons-logging:commons-logging:1.4.0=compileClasspath,ofdWorkerCompileClasspath,ofdWorkerRuntimeClasspath,runtimeClasspath,testCompileClasspath,testRuntimeClasspath
javax.xml.bind:jaxb-api:2.2.12=ofdWorkerRuntimeClasspath
javax.xml.stream:stax-api:1.0-2=ofdWorkerRuntimeClasspath
jaxen:jaxen:1.2.0=ofdWorkerCompileClasspath,ofdWorkerRuntimeClasspath
net.java.dev.jna:jna-platform:5.19.1=compileClasspath,runtimeClasspath,testCompileClasspath,testRuntimeClasspath
net.java.dev.jna:jna:5.19.1=compileClasspath,runtimeClasspath,testCompileClasspath,testRuntimeClasspath
net.java.dev.msv:xsdlib:2013.6.1=ofdWorkerRuntimeClasspath
net.lingala.zip4j:zip4j:2.11.3=ofdWorkerCompileClasspath,ofdWorkerRuntimeClasspath
org.apache.commons:commons-collections4:4.5.0=compileClasspath,runtimeClasspath,testCompileClasspath,testRuntimeClasspath
org.apache.commons:commons-compress:1.28.0=compileClasspath,ofdWorkerCompileClasspath,ofdWorkerRuntimeClasspath,runtimeClasspath,testCompileClasspath,testRuntimeClasspath
org.apache.commons:commons-lang3:3.18.0=compileClasspath,ofdWorkerCompileClasspath,ofdWorkerRuntimeClasspath,runtimeClasspath,testCompileClasspath,testRuntimeClasspath
org.apache.commons:commons-math3:3.6.1=compileClasspath,runtimeClasspath,testCompileClasspath,testRuntimeClasspath
org.apache.logging.log4j:log4j-api:2.26.1=compileClasspath,runtimeClasspath,testCompileClasspath,testRuntimeClasspath
org.apache.pdfbox:fontbox:3.0.8=compileClasspath,ofdWorkerCompileClasspath,ofdWorkerRuntimeClasspath,runtimeClasspath,testCompileClasspath,testRuntimeClasspath
org.apache.pdfbox:jbig2-imageio:3.0.3=ofdWorkerCompileClasspath,ofdWorkerRuntimeClasspath
org.apache.pdfbox:pdfbox-io:3.0.8=compileClasspath,ofdWorkerCompileClasspath,ofdWorkerRuntimeClasspath,runtimeClasspath,testCompileClasspath,testRuntimeClasspath
org.apache.pdfbox:pdfbox:3.0.8=compileClasspath,ofdWorkerCompileClasspath,ofdWorkerRuntimeClasspath,runtimeClasspath,testCompileClasspath,testRuntimeClasspath
org.apache.poi:poi-ooxml-lite:5.5.1=compileClasspath,runtimeClasspath,testCompileClasspath,testRuntimeClasspath
org.apache.poi:poi-ooxml:5.5.1=compileClasspath,runtimeClasspath,testCompileClasspath,testRuntimeClasspath
org.apache.poi:poi:5.5.1=compileClasspath,runtimeClasspath,testCompileClasspath,testRuntimeClasspath
org.apache.xmlbeans:xmlbeans:5.3.0=compileClasspath,runtimeClasspath,testCompileClasspath,testRuntimeClasspath
org.apache.xmlgraphics:batik-all:1.19=ofdWorkerCompileClasspath,ofdWorkerRuntimeClasspath
org.apache.xmlgraphics:xmlgraphics-commons:2.11=ofdWorkerCompileClasspath,ofdWorkerRuntimeClasspath
org.apiguardian:apiguardian-api:1.1.2=testCompileClasspath
org.bouncycastle:bcpkix-jdk18on:1.84=ofdWorkerCompileClasspath,ofdWorkerRuntimeClasspath
org.bouncycastle:bcprov-jdk18on:1.84=ofdWorkerCompileClasspath,ofdWorkerRuntimeClasspath
org.bouncycastle:bcutil-jdk18on:1.84=ofdWorkerCompileClasspath,ofdWorkerRuntimeClasspath
org.dom4j:dom4j:2.1.4=ofdWorkerCompileClasspath,ofdWorkerRuntimeClasspath
org.json:json:20260719=ofdWorkerCompileClasspath,ofdWorkerRuntimeClasspath
org.jspecify:jspecify:1.0.0=compileClasspath,testCompileClasspath
org.junit.jupiter:junit-jupiter-api:5.11.4=testCompileClasspath,testRuntimeClasspath
org.junit.jupiter:junit-jupiter-engine:5.11.4=testRuntimeClasspath
org.junit.jupiter:junit-jupiter-params:5.11.4=testCompileClasspath,testRuntimeClasspath
org.junit.jupiter:junit-jupiter:5.11.4=testCompileClasspath,testRuntimeClasspath
org.junit.platform:junit-platform-commons:1.11.4=testCompileClasspath,testRuntimeClasspath
org.junit.platform:junit-platform-engine:1.11.4=testRuntimeClasspath
org.junit.platform:junit-platform-launcher:1.11.4=testRuntimeClasspath
org.junit:junit-bom:5.11.4=testCompileClasspath,testRuntimeClasspath
org.ofdrw:ofdrw-converter:2.4.0=ofdWorkerCompileClasspath,ofdWorkerRuntimeClasspath
org.ofdrw:ofdrw-core:2.4.0=ofdWorkerCompileClasspath,ofdWorkerRuntimeClasspath
org.ofdrw:ofdrw-font:2.4.0=ofdWorkerCompileClasspath,ofdWorkerRuntimeClasspath
org.ofdrw:ofdrw-gm:2.4.0=ofdWorkerCompileClasspath,ofdWorkerRuntimeClasspath
org.ofdrw:ofdrw-graphics2d:2.4.0=ofdWorkerCompileClasspath,ofdWorkerRuntimeClasspath
org.ofdrw:ofdrw-gv:2.4.0=ofdWorkerCompileClasspath,ofdWorkerRuntimeClasspath
org.ofdrw:ofdrw-layout:2.4.0=ofdWorkerCompileClasspath,ofdWorkerRuntimeClasspath
org.ofdrw:ofdrw-pkg:2.4.0=ofdWorkerCompileClasspath,ofdWorkerRuntimeClasspath
org.ofdrw:ofdrw-reader:2.4.0=ofdWorkerCompileClasspath,ofdWorkerRuntimeClasspath
org.opentest4j:opentest4j:1.3.0=testCompileClasspath,testRuntimeClasspath
org.osgi:org.osgi.annotation.bundle:2.0.0=compileClasspath,testCompileClasspath
org.osgi:org.osgi.annotation.versioning:1.1.2=compileClasspath,testCompileClasspath
org.osgi:org.osgi.resource:1.0.0=compileClasspath,testCompileClasspath
org.osgi:org.osgi.service.serviceloader:1.0.0=compileClasspath,testCompileClasspath
org.slf4j:slf4j-api:1.7.36=ofdWorkerRuntimeClasspath,runtimeClasspath,testRuntimeClasspath
org.slf4j:slf4j-nop:1.7.36=ofdWorkerRuntimeClasspath,runtimeClasspath,testRuntimeClasspath
org.tukaani:xz:1.10=compileClasspath,runtimeClasspath,testCompileClasspath,testRuntimeClasspath
org.ujmp:ujmp-core:0.3.0=ofdWorkerCompileClasspath,ofdWorkerRuntimeClasspath
org.xerial:sqlite-jdbc:3.53.1.0=compileClasspath,runtimeClasspath,testCompileClasspath,testRuntimeClasspath
pull-parser:pull-parser:2.1.10=ofdWorkerRuntimeClasspath
relaxngDatatype:relaxngDatatype:20020414=ofdWorkerRuntimeClasspath
xml-apis:xml-apis-ext:1.3.04=ofdWorkerCompileClasspath,ofdWorkerRuntimeClasspath
xml-apis:xml-apis:1.4.01=ofdWorkerCompileClasspath,ofdWorkerRuntimeClasspath
xpp3:xpp3:1.1.4c=ofdWorkerRuntimeClasspath
empty=annotationProcessor,cyclonedxBom,ofdWorkerAnnotationProcessor,testAnnotationProcessor
